
Microsoft Visual Studio Solution File, Format Version 12.00
# Visual Studio 15
VisualStudioVersion = 15.0.28307.757
MinimumVisualStudioVersion = 10.0.40219.1
Project("{FAE04EC0-301F-11D3-BF4B-00C04F79EFBC}") = "DO.VIVICARE.Reporter", "DO.VIVICARE.Reporter\DO.VIVICARE.Reporter.csproj", "{1EB5F145-261E-4A49-9196-8C4580B7BFB7}"
EndProject
Project("{FAE04EC0-301F-11D3-BF4B-00C04F79EFBC}") = "Example", "Example\Example.csproj", "{6A17CDB1-5299-4351-A2E2-9A79DF8EB955}"
EndProject
Project("{FAE04EC0-301F-11D3-BF4B-00C04F79EFBC}") = "DO.VIVICARE.UI", "DO.VIVICARE.UI\DO.VIVICARE.UI.csproj", "{90D3DC20-5327-4389-9FA3-0386127167D1}"
EndProject
Project("{2150E333-8FDC-42A3-9474-1A3956D46DE8}") = "Documents", "Documents", "{CF0D1BB6-3DC1-4C9C-95A9-FB78AE14ABD9}"
EndProject
Project("{2150E333-8FDC-42A3-9474-1A3956D46DE8}") = "Reports", "Reports", "{46B923FB-940C-482C-8EA5-3596748A404B}"
EndProject
Project("{FAE04EC0-301F-11D3-BF4B-00C04F79EFBC}") = "DO.VIVICARE.Document.Report16", "DO.VIVICARE.Document.Report16\DO.VIVICARE.Document.Report16.csproj", "{42157491-DA90-4D27-A8A4-BDD1589B7302}"
EndProject
Project("{FAE04EC0-301F-11D3-BF4B-00C04F79EFBC}") = "DO.VIVICARE.Report.Dietetica", "DO.VIVICARE.Report.Dietetica\DO.VIVICARE.Report.Dietetica.csproj", "{E37A849A-74E8-4FA3-9D80-14989EB8DDBD}"
EndProject
Global
	GlobalSection(SolutionConfigurationPlatforms) = preSolution
		Debug|Any CPU = Debug|Any CPU
		Release|Any CPU = Release|Any CPU
	EndGlobalSection
	GlobalSection(ProjectConfigurationPlatforms) = postSolution
		{1EB5F145-261E-4A49-9196-8C4580B7BFB7}.Debug|Any CPU.ActiveCfg = Debug|Any CPU
		{1EB5F145-261E-4A49-9196-8C4580B7BFB7}.Debug|Any CPU.Build.0 = Debug|Any CPU
		{1EB5F145-261E-4A49-9196-8C4580B7BFB7}.Release|Any CPU.ActiveCfg = Release|Any CPU
		{1EB5F145-261E-4A49-9196-8C4580B7BFB7}.Release|Any CPU.Build.0 = Release|Any CPU
		{6A17CDB1-5299-4351-A2E2-9A79DF8EB955}.Debug|Any CPU.ActiveCfg = Debug|Any CPU
		{6A17CDB1-5299-4351-A2E2-9A79DF8EB955}.Debug|Any CPU.Build.0 = Debug|Any CPU
		{6A17CDB1-5299-4351-A2E2-9A79DF8EB955}.Release|Any CPU.ActiveCfg = Release|Any CPU
		{6A17CDB1-5299-4351-A2E2-9A79DF8EB955}.Release|Any CPU.Build.0 = Release|Any CPU
		{90D3DC20-5327-4389-9FA3-0386127167D1}.Debug|Any CPU.ActiveCfg = Debug|Any CPU
		{90D3DC20-5327-4389-9FA3-0386127167D1}.Debug|Any CPU.Build.0 = Debug|Any CPU
		{90D3DC20-5327-4389-9FA3-0386127167D1}.Release|Any CPU.ActiveCfg = Release|Any CPU
		{90D3DC20-5327-4389-9FA3-0386127167D1}.Release|Any CPU.Build.0 = Release|Any CPU
		{42157491-DA90-4D27-A8A4-BDD1589B7302}.Debug|Any CPU.ActiveCfg = Debug|Any CPU
		{42157491-DA90-4D27-A8A4-BDD1589B7302}.Debug|Any CPU.Build.0 = Debug|Any CPU
		{42157491-DA90-4D27-A8A4-BDD1589B7302}.Release|Any CPU.ActiveCfg = Release|Any CPU
		{42157491-DA90-4D27-A8A4-BDD1589B7302}.Release|Any CPU.Build.0 = Release|Any CPU
		{E37A849A-74E8-4FA3-9D80-14989EB8DDBD}.Debug|Any CPU.ActiveCfg = Debug|Any CPU
		{E37A849A-74E8-4FA3-9D80-14989EB8DDBD}.Debug|Any CPU.Build.0 = Debug|Any CPU
		{E37A849A-74E8-4FA3-9D80-14989EB8DDBD}.Release|Any CPU.ActiveCfg = Release|Any CPU
		{E37A849A-74E8-4FA3-9D80-14989EB8DDBD}.Release|Any CPU.Build.0 = Release|Any CPU
	EndGlobalSection
	GlobalSection(SolutionProperties) = preSolution
		HideSolutionNode = FALSE
	EndGlobalSection
	GlobalSection(NestedProjects) = preSolution
		{42157491-DA90-4D27-A8A4-BDD1589B7302} = {CF0D1BB6-3DC1-4C9C-95A9-FB78AE14ABD9}
		{E37A849A-74E8-4FA3-9D80-14989EB8DDBD} = {46B923FB-940C-482C-8EA5-3596748A404B}
	EndGlobalSection
	GlobalSection(ExtensibilityGlobals) = postSolution
		SolutionGuid = {250B184B-3AED-4916-AF41-CD73298383DC}
	EndGlobalSection
EndGlobal
