
Microsoft Visual Studio Solution File, Format Version 12.00
# Visual Studio Version 16
VisualStudioVersion = 16.0.30204.135
MinimumVisualStudioVersion = 10.0.40219.1
Project("{FAE04EC0-301F-11D3-BF4B-00C04F79EFBC}") = "DO.VIVICARE.Reporter", "DO.VIVICARE.Reporter\DO.VIVICARE.Reporter.csproj", "{1EB5F145-261E-4A49-9196-8C4580B7BFB7}"
EndProject
Project("{FAE04EC0-301F-11D3-BF4B-00C04F79EFBC}") = "DO.VIVICARE.UI", "DO.VIVICARE.UI\DO.VIVICARE.UI.csproj", "{90D3DC20-5327-4389-9FA3-0386127167D1}"
EndProject
Project("{2150E333-8FDC-42A3-9474-1A3956D46DE8}") = "Documents", "Documents", "{CF0D1BB6-3DC1-4C9C-95A9-FB78AE14ABD9}"
EndProject
Project("{2150E333-8FDC-42A3-9474-1A3956D46DE8}") = "Reports", "Reports", "{46B923FB-940C-482C-8EA5-3596748A404B}"
EndProject
Project("{FAE04EC0-301F-11D3-BF4B-00C04F79EFBC}") = "DO.VIVICARE.Document.Report16", "DO.VIVICARE.Document.Report16\DO.VIVICARE.Document.Report16.csproj", "{42157491-DA90-4D27-A8A4-BDD1589B7302}"
EndProject
Project("{FAE04EC0-301F-11D3-BF4B-00C04F79EFBC}") = "DO.VIVICARE.Report.Dietetica", "DO.VIVICARE.Report.Dietetica\DO.VIVICARE.Report.Dietetica.csproj", "{E37A849A-74E8-4FA3-9D80-14989EB8DDBD}"
EndProject
Project("{FAE04EC0-301F-11D3-BF4B-00C04F79EFBC}") = "DO.VIVICARE.Document.ZSDFatture", "DO.VIVICARE.Document.ZSDFatture\DO.VIVICARE.Document.ZSDFatture.csproj", "{2E13A747-3ED2-4495-8D51-A59350B1EDDB}"
EndProject
Project("{FAE04EC0-301F-11D3-BF4B-00C04F79EFBC}") = "DO.VIVICARE.Document.Report18", "DO.VIVICARE.Document.Report18\DO.VIVICARE.Document.Report18.csproj", "{9FA62AF7-8810-42A1-A9D3-E03D9A402E57}"
EndProject
Project("{FAE04EC0-301F-11D3-BF4B-00C04F79EFBC}") = "DO.VIVICARE.Document.Comuni", "DO.VIVICARE.Document.Comuni\DO.VIVICARE.Document.Comuni.csproj", "{25AE466B-CF95-498C-AD8B-57C1CF2694C0}"
EndProject
Project("{FAE04EC0-301F-11D3-BF4B-00C04F79EFBC}") = "DO.VIVICARE.Document.ASST", "DO.VIVICARE.Document.ASST\DO.VIVICARE.Document.ASST.csproj", "{B9C80F82-47F6-4B15-B554-B9ACAC3DE9D8}"
EndProject
Project("{FAE04EC0-301F-11D3-BF4B-00C04F79EFBC}") = "DO.VIVICARE.Document.Prezzi", "DO.VIVICARE.Document.Prezzi\DO.VIVICARE.Document.Prezzi.csproj", "{CF672747-4CF5-47B5-B6E3-898648EE8E9F}"
EndProject
Project("{FAE04EC0-301F-11D3-BF4B-00C04F79EFBC}") = "DO.VIVICARE.Document.MinSan", "DO.VIVICARE.Document.MinSan\DO.VIVICARE.Document.MinSan.csproj", "{650A6FCB-9F71-4CF3-AF11-DF4800CBC59F}"
EndProject
Project("{FAE04EC0-301F-11D3-BF4B-00C04F79EFBC}") = "DO.VIVICARE.Document.Rendiconto", "DO.VIVICARE.Document.Rendiconto\DO.VIVICARE.Document.Rendiconto.csproj", "{7034D1B7-9CA6-419B-84F3-E1049B69A923}"
EndProject
Project("{FAE04EC0-301F-11D3-BF4B-00C04F79EFBC}") = "DO.VIVICARE.Document.LazioHealthWorker", "DO.VIVICARE.Document.LazioHealthWorker\DO.VIVICARE.Document.LazioHealthWorker.csproj", "{530C826A-4F92-4D55-8F52-AEEE125315E8}"
EndProject
Project("{FAE04EC0-301F-11D3-BF4B-00C04F79EFBC}") = "DO.VIVICARE.Document.ADIAltaIntensita", "DO.VIVICARE.Document.ADIAltaIntensita\DO.VIVICARE.Document.ADIAltaIntensita.csproj", "{A9E734D5-F663-4F65-A5ED-191E77F63052}"
EndProject
Project("{FAE04EC0-301F-11D3-BF4B-00C04F79EFBC}") = "DO.VIVICARE.Report.Valorizzazione", "DO.VIVICARE.Report.Valorizzazione\DO.VIVICARE.Report.Valorizzazione.csproj", "{7D3C8CF5-EA4C-479C-92DE-E3C8BE968D30}"
EndProject
Project("{FAE04EC0-301F-11D3-BF4B-00C04F79EFBC}") = "DO.VIVICARE.Document.ValorizzazioniADIAlta", "DO.VIVICARE.Document.ValorizzazioniADIAlta\DO.VIVICARE.Document.ValorizzazioniADIAlta.csproj", "{D758EAE3-D39F-4DBA-84AA-5AF792DC4510}"
EndProject
Project("{FAE04EC0-301F-11D3-BF4B-00C04F79EFBC}") = "DO.VIVICARE.Document.ADIBassaIntensita", "DO.VIVICARE.Document.ADIBassaIntensita\DO.VIVICARE.Document.ADIBassaIntensita.csproj", "{AC3B920D-635F-484B-855D-31989C69590E}"
EndProject
Project("{FAE04EC0-301F-11D3-BF4B-00C04F79EFBC}") = "DO.VIVICARE.Document.Valorizzazione", "DO.VIVICARE.Document.Valorizzazione\DO.VIVICARE.Document.Valorizzazione.csproj", "{46C13772-A8CD-4BA7-B643-5CEBC5D5C35C}"
EndProject
Project("{FAE04EC0-301F-11D3-BF4B-00C04F79EFBC}") = "DO.VIVICARE.Report.AllegatoADI", "DO.VIVICARE.Report.AllegatoADI\DO.VIVICARE.Report.AllegatoADI.csproj", "{1135588E-6A1F-4D1B-9C65-EE3EC35B7F03}"
EndProject
Project("{FAE04EC0-301F-11D3-BF4B-00C04F79EFBC}") = "DO.VIVICARE.Document.Prestazioni", "DO.VIVICARE.Document.Prestazioni\DO.VIVICARE.Document.Prestazioni.csproj", "{5E9E7126-408A-430D-84A8-2D3F9459221E}"
EndProject
Global
	GlobalSection(SolutionConfigurationPlatforms) = preSolution
		Debug|Any CPU = Debug|Any CPU
		Release|Any CPU = Release|Any CPU
	EndGlobalSection
	GlobalSection(ProjectConfigurationPlatforms) = postSolution
		{1EB5F145-261E-4A49-9196-8C4580B7BFB7}.Debug|Any CPU.ActiveCfg = Debug|Any CPU
		{1EB5F145-261E-4A49-9196-8C4580B7BFB7}.Debug|Any CPU.Build.0 = Debug|Any CPU
		{1EB5F145-261E-4A49-9196-8C4580B7BFB7}.Release|Any CPU.ActiveCfg = Release|Any CPU
		{1EB5F145-261E-4A49-9196-8C4580B7BFB7}.Release|Any CPU.Build.0 = Release|Any CPU
		{90D3DC20-5327-4389-9FA3-0386127167D1}.Debug|Any CPU.ActiveCfg = Debug|Any CPU
		{90D3DC20-5327-4389-9FA3-0386127167D1}.Debug|Any CPU.Build.0 = Debug|Any CPU
		{90D3DC20-5327-4389-9FA3-0386127167D1}.Release|Any CPU.ActiveCfg = Release|Any CPU
		{90D3DC20-5327-4389-9FA3-0386127167D1}.Release|Any CPU.Build.0 = Release|Any CPU
		{42157491-DA90-4D27-A8A4-BDD1589B7302}.Debug|Any CPU.ActiveCfg = Debug|Any CPU
		{42157491-DA90-4D27-A8A4-BDD1589B7302}.Debug|Any CPU.Build.0 = Debug|Any CPU
		{42157491-DA90-4D27-A8A4-BDD1589B7302}.Release|Any CPU.ActiveCfg = Release|Any CPU
		{42157491-DA90-4D27-A8A4-BDD1589B7302}.Release|Any CPU.Build.0 = Release|Any CPU
		{E37A849A-74E8-4FA3-9D80-14989EB8DDBD}.Debug|Any CPU.ActiveCfg = Debug|Any CPU
		{E37A849A-74E8-4FA3-9D80-14989EB8DDBD}.Debug|Any CPU.Build.0 = Debug|Any CPU
		{E37A849A-74E8-4FA3-9D80-14989EB8DDBD}.Release|Any CPU.ActiveCfg = Release|Any CPU
		{E37A849A-74E8-4FA3-9D80-14989EB8DDBD}.Release|Any CPU.Build.0 = Release|Any CPU
		{2E13A747-3ED2-4495-8D51-A59350B1EDDB}.Debug|Any CPU.ActiveCfg = Debug|Any CPU
		{2E13A747-3ED2-4495-8D51-A59350B1EDDB}.Debug|Any CPU.Build.0 = Debug|Any CPU
		{2E13A747-3ED2-4495-8D51-A59350B1EDDB}.Release|Any CPU.ActiveCfg = Release|Any CPU
		{2E13A747-3ED2-4495-8D51-A59350B1EDDB}.Release|Any CPU.Build.0 = Release|Any CPU
		{9FA62AF7-8810-42A1-A9D3-E03D9A402E57}.Debug|Any CPU.ActiveCfg = Debug|Any CPU
		{9FA62AF7-8810-42A1-A9D3-E03D9A402E57}.Debug|Any CPU.Build.0 = Debug|Any CPU
		{9FA62AF7-8810-42A1-A9D3-E03D9A402E57}.Release|Any CPU.ActiveCfg = Release|Any CPU
		{9FA62AF7-8810-42A1-A9D3-E03D9A402E57}.Release|Any CPU.Build.0 = Release|Any CPU
		{25AE466B-CF95-498C-AD8B-57C1CF2694C0}.Debug|Any CPU.ActiveCfg = Debug|Any CPU
		{25AE466B-CF95-498C-AD8B-57C1CF2694C0}.Debug|Any CPU.Build.0 = Debug|Any CPU
		{25AE466B-CF95-498C-AD8B-57C1CF2694C0}.Release|Any CPU.ActiveCfg = Release|Any CPU
		{25AE466B-CF95-498C-AD8B-57C1CF2694C0}.Release|Any CPU.Build.0 = Release|Any CPU
		{B9C80F82-47F6-4B15-B554-B9ACAC3DE9D8}.Debug|Any CPU.ActiveCfg = Debug|Any CPU
		{B9C80F82-47F6-4B15-B554-B9ACAC3DE9D8}.Debug|Any CPU.Build.0 = Debug|Any CPU
		{B9C80F82-47F6-4B15-B554-B9ACAC3DE9D8}.Release|Any CPU.ActiveCfg = Release|Any CPU
		{B9C80F82-47F6-4B15-B554-B9ACAC3DE9D8}.Release|Any CPU.Build.0 = Release|Any CPU
		{CF672747-4CF5-47B5-B6E3-898648EE8E9F}.Debug|Any CPU.ActiveCfg = Debug|Any CPU
		{CF672747-4CF5-47B5-B6E3-898648EE8E9F}.Debug|Any CPU.Build.0 = Debug|Any CPU
		{CF672747-4CF5-47B5-B6E3-898648EE8E9F}.Release|Any CPU.ActiveCfg = Release|Any CPU
		{CF672747-4CF5-47B5-B6E3-898648EE8E9F}.Release|Any CPU.Build.0 = Release|Any CPU
		{650A6FCB-9F71-4CF3-AF11-DF4800CBC59F}.Debug|Any CPU.ActiveCfg = Debug|Any CPU
		{650A6FCB-9F71-4CF3-AF11-DF4800CBC59F}.Debug|Any CPU.Build.0 = Debug|Any CPU
		{650A6FCB-9F71-4CF3-AF11-DF4800CBC59F}.Release|Any CPU.ActiveCfg = Release|Any CPU
		{650A6FCB-9F71-4CF3-AF11-DF4800CBC59F}.Release|Any CPU.Build.0 = Release|Any CPU
		{7034D1B7-9CA6-419B-84F3-E1049B69A923}.Debug|Any CPU.ActiveCfg = Debug|Any CPU
		{7034D1B7-9CA6-419B-84F3-E1049B69A923}.Debug|Any CPU.Build.0 = Debug|Any CPU
		{7034D1B7-9CA6-419B-84F3-E1049B69A923}.Release|Any CPU.ActiveCfg = Release|Any CPU
		{7034D1B7-9CA6-419B-84F3-E1049B69A923}.Release|Any CPU.Build.0 = Release|Any CPU
		{530C826A-4F92-4D55-8F52-AEEE125315E8}.Debug|Any CPU.ActiveCfg = Debug|Any CPU
		{530C826A-4F92-4D55-8F52-AEEE125315E8}.Debug|Any CPU.Build.0 = Debug|Any CPU
		{530C826A-4F92-4D55-8F52-AEEE125315E8}.Release|Any CPU.ActiveCfg = Release|Any CPU
		{530C826A-4F92-4D55-8F52-AEEE125315E8}.Release|Any CPU.Build.0 = Release|Any CPU
		{A9E734D5-F663-4F65-A5ED-191E77F63052}.Debug|Any CPU.ActiveCfg = Debug|Any CPU
		{A9E734D5-F663-4F65-A5ED-191E77F63052}.Debug|Any CPU.Build.0 = Debug|Any CPU
		{A9E734D5-F663-4F65-A5ED-191E77F63052}.Release|Any CPU.ActiveCfg = Release|Any CPU
		{A9E734D5-F663-4F65-A5ED-191E77F63052}.Release|Any CPU.Build.0 = Release|Any CPU
		{7D3C8CF5-EA4C-479C-92DE-E3C8BE968D30}.Debug|Any CPU.ActiveCfg = Debug|Any CPU
		{7D3C8CF5-EA4C-479C-92DE-E3C8BE968D30}.Debug|Any CPU.Build.0 = Debug|Any CPU
		{7D3C8CF5-EA4C-479C-92DE-E3C8BE968D30}.Release|Any CPU.ActiveCfg = Release|Any CPU
		{7D3C8CF5-EA4C-479C-92DE-E3C8BE968D30}.Release|Any CPU.Build.0 = Release|Any CPU
		{D758EAE3-D39F-4DBA-84AA-5AF792DC4510}.Debug|Any CPU.ActiveCfg = Debug|Any CPU
		{D758EAE3-D39F-4DBA-84AA-5AF792DC4510}.Debug|Any CPU.Build.0 = Debug|Any CPU
		{D758EAE3-D39F-4DBA-84AA-5AF792DC4510}.Release|Any CPU.ActiveCfg = Release|Any CPU
		{D758EAE3-D39F-4DBA-84AA-5AF792DC4510}.Release|Any CPU.Build.0 = Release|Any CPU
		{AC3B920D-635F-484B-855D-31989C69590E}.Debug|Any CPU.ActiveCfg = Debug|Any CPU
		{AC3B920D-635F-484B-855D-31989C69590E}.Debug|Any CPU.Build.0 = Debug|Any CPU
		{AC3B920D-635F-484B-855D-31989C69590E}.Release|Any CPU.ActiveCfg = Release|Any CPU
		{AC3B920D-635F-484B-855D-31989C69590E}.Release|Any CPU.Build.0 = Release|Any CPU
		{46C13772-A8CD-4BA7-B643-5CEBC5D5C35C}.Debug|Any CPU.ActiveCfg = Debug|Any CPU
		{46C13772-A8CD-4BA7-B643-5CEBC5D5C35C}.Debug|Any CPU.Build.0 = Debug|Any CPU
		{46C13772-A8CD-4BA7-B643-5CEBC5D5C35C}.Release|Any CPU.ActiveCfg = Release|Any CPU
		{46C13772-A8CD-4BA7-B643-5CEBC5D5C35C}.Release|Any CPU.Build.0 = Release|Any CPU
		{1135588E-6A1F-4D1B-9C65-EE3EC35B7F03}.Debug|Any CPU.ActiveCfg = Debug|Any CPU
		{1135588E-6A1F-4D1B-9C65-EE3EC35B7F03}.Debug|Any CPU.Build.0 = Debug|Any CPU
		{1135588E-6A1F-4D1B-9C65-EE3EC35B7F03}.Release|Any CPU.ActiveCfg = Release|Any CPU
		{1135588E-6A1F-4D1B-9C65-EE3EC35B7F03}.Release|Any CPU.Build.0 = Release|Any CPU
		{5E9E7126-408A-430D-84A8-2D3F9459221E}.Debug|Any CPU.ActiveCfg = Debug|Any CPU
		{5E9E7126-408A-430D-84A8-2D3F9459221E}.Debug|Any CPU.Build.0 = Debug|Any CPU
		{5E9E7126-408A-430D-84A8-2D3F9459221E}.Release|Any CPU.ActiveCfg = Release|Any CPU
		{5E9E7126-408A-430D-84A8-2D3F9459221E}.Release|Any CPU.Build.0 = Release|Any CPU
	EndGlobalSection
	GlobalSection(SolutionProperties) = preSolution
		HideSolutionNode = FALSE
	EndGlobalSection
	GlobalSection(NestedProjects) = preSolution
		{42157491-DA90-4D27-A8A4-BDD1589B7302} = {CF0D1BB6-3DC1-4C9C-95A9-FB78AE14ABD9}
		{E37A849A-74E8-4FA3-9D80-14989EB8DDBD} = {46B923FB-940C-482C-8EA5-3596748A404B}
		{2E13A747-3ED2-4495-8D51-A59350B1EDDB} = {CF0D1BB6-3DC1-4C9C-95A9-FB78AE14ABD9}
		{9FA62AF7-8810-42A1-A9D3-E03D9A402E57} = {CF0D1BB6-3DC1-4C9C-95A9-FB78AE14ABD9}
		{25AE466B-CF95-498C-AD8B-57C1CF2694C0} = {CF0D1BB6-3DC1-4C9C-95A9-FB78AE14ABD9}
		{B9C80F82-47F6-4B15-B554-B9ACAC3DE9D8} = {CF0D1BB6-3DC1-4C9C-95A9-FB78AE14ABD9}
		{CF672747-4CF5-47B5-B6E3-898648EE8E9F} = {CF0D1BB6-3DC1-4C9C-95A9-FB78AE14ABD9}
		{650A6FCB-9F71-4CF3-AF11-DF4800CBC59F} = {CF0D1BB6-3DC1-4C9C-95A9-FB78AE14ABD9}
		{7034D1B7-9CA6-419B-84F3-E1049B69A923} = {CF0D1BB6-3DC1-4C9C-95A9-FB78AE14ABD9}
		{530C826A-4F92-4D55-8F52-AEEE125315E8} = {CF0D1BB6-3DC1-4C9C-95A9-FB78AE14ABD9}
		{A9E734D5-F663-4F65-A5ED-191E77F63052} = {CF0D1BB6-3DC1-4C9C-95A9-FB78AE14ABD9}
		{7D3C8CF5-EA4C-479C-92DE-E3C8BE968D30} = {46B923FB-940C-482C-8EA5-3596748A404B}
		{D758EAE3-D39F-4DBA-84AA-5AF792DC4510} = {CF0D1BB6-3DC1-4C9C-95A9-FB78AE14ABD9}
		{AC3B920D-635F-484B-855D-31989C69590E} = {CF0D1BB6-3DC1-4C9C-95A9-FB78AE14ABD9}
		{46C13772-A8CD-4BA7-B643-5CEBC5D5C35C} = {CF0D1BB6-3DC1-4C9C-95A9-FB78AE14ABD9}
		{1135588E-6A1F-4D1B-9C65-EE3EC35B7F03} = {46B923FB-940C-482C-8EA5-3596748A404B}
		{5E9E7126-408A-430D-84A8-2D3F9459221E} = {CF0D1BB6-3DC1-4C9C-95A9-FB78AE14ABD9}
	EndGlobalSection
	GlobalSection(ExtensibilityGlobals) = postSolution
		SolutionGuid = {250B184B-3AED-4916-AF41-CD73298383DC}
	EndGlobalSection
EndGlobal
